
Microsoft Visual Studio Solution File, Format Version 12.00
# Visual Studio 15
VisualStudioVersion = 15.0.28010.2046
MinimumVisualStudioVersion = 10.0.40219.1
Project("{FAE04EC0-301F-11D3-BF4B-00C04F79EFBC}") = "HotelManagement", "HotelManagement\HotelManagement.csproj", "{DE30A2F8-1073-48ED-9D55-79DB426D18C6}"
EndProject
Global
	GlobalSection(SolutionConfigurationPlatforms) = preSolution
		Debug|Any CPU = Debug|Any CPU
		Release|Any CPU = Release|Any CPU
	EndGlobalSection
	GlobalSection(ProjectConfigurationPlatforms) = postSolution
		{DE30A2F8-1073-48ED-9D55-79DB426D18C6}.Debug|Any CPU.ActiveCfg = Debug|Any CPU
		{DE30A2F8-1073-48ED-9D55-79DB426D18C6}.Debug|Any CPU.Build.0 = Debug|Any CPU
		{DE30A2F8-1073-48ED-9D55-79DB426D18C6}.Release|Any CPU.ActiveCfg = Release|Any CPU
		{DE30A2F8-1073-48ED-9D55-79DB426D18C6}.Release|Any CPU.Build.0 = Release|Any CPU
	EndGlobalSection
	GlobalSection(SolutionProperties) = preSolution
		HideSolutionNode = FALSE
	EndGlobalSection
	GlobalSection(ExtensibilityGlobals) = postSolution
		SolutionGuid = {B3DB17E2-ADE2-4E14-8EA7-1E3F1BCEE77C}
	EndGlobalSection
EndGlobal
